// !$*UTF8*$!
{
	archiveVersion = 1;
	classes = {
	};
	objectVersion = 48;
	objects = {

/* Begin PBXBuildFile section */
		D0281DA0202D75ED002A7993 /* MessageCell.swift in Sources */ = {isa = PBXBuildFile; fileRef = D0281D9E202D75ED002A7993 /* MessageCell.swift */; };
		D0281DA1202D75ED002A7993 /* MessageCell.xib in Resources */ = {isa = PBXBuildFile; fileRef = D0281D9F202D75ED002A7993 /* MessageCell.xib */; };
		D0281DA5202D7924002A7993 /* Message.swift in Sources */ = {isa = PBXBuildFile; fileRef = D0281DA4202D7924002A7993 /* Message.swift */; };
		D0337EB7202CF42200516E05 /* SearchViewController.swift in Sources */ = {isa = PBXBuildFile; fileRef = D0337EB6202CF42200516E05 /* SearchViewController.swift */; };
		D0337EB9202CFFFA00516E05 /* FifthTestViewController.swift in Sources */ = {isa = PBXBuildFile; fileRef = D0337EB8202CFFFA00516E05 /* FifthTestViewController.swift */; };
		D0337EBC202D065E00516E05 /* ChatViewController.swift in Sources */ = {isa = PBXBuildFile; fileRef = D0337EBB202D065E00516E05 /* ChatViewController.swift */; };
		D0337EBE202D067100516E05 /* MeetViewController.swift in Sources */ = {isa = PBXBuildFile; fileRef = D0337EBD202D067100516E05 /* MeetViewController.swift */; };
		D05231A8202CDDD300C786DB /* Activity.swift in Sources */ = {isa = PBXBuildFile; fileRef = D05231A7202CDDD300C786DB /* Activity.swift */; };
		D0B2A72C202C8DFA0022BBA1 /* AppDelegate.swift in Sources */ = {isa = PBXBuildFile; fileRef = D0B2A72B202C8DFA0022BBA1 /* AppDelegate.swift */; };
		D0B2A72E202C8DFA0022BBA1 /* FirstTestViewController.swift in Sources */ = {isa = PBXBuildFile; fileRef = D0B2A72D202C8DFA0022BBA1 /* FirstTestViewController.swift */; };
		D0B2A731202C8DFA0022BBA1 /* Main.storyboard in Resources */ = {isa = PBXBuildFile; fileRef = D0B2A72F202C8DFA0022BBA1 /* Main.storyboard */; };
		D0B2A733202C8DFA0022BBA1 /* Assets.xcassets in Resources */ = {isa = PBXBuildFile; fileRef = D0B2A732202C8DFA0022BBA1 /* Assets.xcassets */; };
		D0B2A736202C8DFA0022BBA1 /* LaunchScreen.storyboard in Resources */ = {isa = PBXBuildFile; fileRef = D0B2A734202C8DFA0022BBA1 /* LaunchScreen.storyboard */; };
		D0B2A73E202C9C490022BBA1 /* SecondTestViewController.swift in Sources */ = {isa = PBXBuildFile; fileRef = D0B2A73D202C9C490022BBA1 /* SecondTestViewController.swift */; };
		D0B2A744202CA3F50022BBA1 /* ThirdTestViewController.swift in Sources */ = {isa = PBXBuildFile; fileRef = D0B2A743202CA3F50022BBA1 /* ThirdTestViewController.swift */; };
		D0B2A746202CAEF70022BBA1 /* FourthTestViewController.swift in Sources */ = {isa = PBXBuildFile; fileRef = D0B2A745202CAEF70022BBA1 /* FourthTestViewController.swift */; };
		D0B2A748202CC1FD0022BBA1 /* DiscoverViewController.swift in Sources */ = {isa = PBXBuildFile; fileRef = D0B2A747202CC1FD0022BBA1 /* DiscoverViewController.swift */; };
		D0B2A74C202CC47A0022BBA1 /* DiscoverTableViewCell.swift in Sources */ = {isa = PBXBuildFile; fileRef = D0B2A74B202CC47A0022BBA1 /* DiscoverTableViewCell.swift */; };
		D0B2A74E202CC5B10022BBA1 /* City.swift in Sources */ = {isa = PBXBuildFile; fileRef = D0B2A74D202CC5B10022BBA1 /* City.swift */; };
		D0B2A750202CCEB50022BBA1 /* MenuViewController.swift in Sources */ = {isa = PBXBuildFile; fileRef = D0B2A74F202CCEB50022BBA1 /* MenuViewController.swift */; };
		D0B2A753202CD5580022BBA1 /* DealsViewController.swift in Sources */ = {isa = PBXBuildFile; fileRef = D0B2A752202CD5580022BBA1 /* DealsViewController.swift */; };
		D0B2A755202CDC9C0022BBA1 /* DealsTableViewCell.swift in Sources */ = {isa = PBXBuildFile; fileRef = D0B2A754202CDC9C0022BBA1 /* DealsTableViewCell.swift */; };
/* End PBXBuildFile section */

/* Begin PBXFileReference section */
		D0281D9E202D75ED002A7993 /* MessageCell.swift */ = {isa = PBXFileReference; lastKnownFileType = sourcecode.swift; path = MessageCell.swift; sourceTree = "<group>"; };
		D0281D9F202D75ED002A7993 /* MessageCell.xib */ = {isa = PBXFileReference; lastKnownFileType = file.xib; path = MessageCell.xib; sourceTree = "<group>"; };
		D0281DA4202D7924002A7993 /* Message.swift */ = {isa = PBXFileReference; lastKnownFileType = sourcecode.swift; path = Message.swift; sourceTree = "<group>"; };
		D0337EB6202CF42200516E05 /* SearchViewController.swift */ = {isa = PBXFileReference; lastKnownFileType = sourcecode.swift; path = SearchViewController.swift; sourceTree = "<group>"; };
		D0337EB8202CFFFA00516E05 /* FifthTestViewController.swift */ = {isa = PBXFileReference; lastKnownFileType = sourcecode.swift; path = FifthTestViewController.swift; sourceTree = "<group>"; };
		D0337EBB202D065E00516E05 /* ChatViewController.swift */ = {isa = PBXFileReference; lastKnownFileType = sourcecode.swift; path = ChatViewController.swift; sourceTree = "<group>"; };
		D0337EBD202D067100516E05 /* MeetViewController.swift */ = {isa = PBXFileReference; lastKnownFileType = sourcecode.swift; path = MeetViewController.swift; sourceTree = "<group>"; };
		D05231A7202CDDD300C786DB /* Activity.swift */ = {isa = PBXFileReference; lastKnownFileType = sourcecode.swift; path = Activity.swift; sourceTree = "<group>"; };
		D0B2A728202C8DF90022BBA1 /* Selectour.app */ = {isa = PBXFileReference; explicitFileType = wrapper.application; includeInIndex = 0; path = Selectour.app; sourceTree = BUILT_PRODUCTS_DIR; };
		D0B2A72B202C8DFA0022BBA1 /* AppDelegate.swift */ = {isa = PBXFileReference; lastKnownFileType = sourcecode.swift; path = AppDelegate.swift; sourceTree = "<group>"; };
		D0B2A72D202C8DFA0022BBA1 /* FirstTestViewController.swift */ = {isa = PBXFileReference; lastKnownFileType = sourcecode.swift; path = FirstTestViewController.swift; sourceTree = "<group>"; };
		D0B2A730202C8DFA0022BBA1 /* Base */ = {isa = PBXFileReference; lastKnownFileType = file.storyboard; name = Base; path = Base.lproj/Main.storyboard; sourceTree = "<group>"; };
		D0B2A732202C8DFA0022BBA1 /* Assets.xcassets */ = {isa = PBXFileReference; lastKnownFileType = folder.assetcatalog; path = Assets.xcassets; sourceTree = "<group>"; };
		D0B2A735202C8DFA0022BBA1 /* Base */ = {isa = PBXFileReference; lastKnownFileType = file.storyboard; name = Base; path = Base.lproj/LaunchScreen.storyboard; sourceTree = "<group>"; };
		D0B2A737202C8DFA0022BBA1 /* Info.plist */ = {isa = PBXFileReference; lastKnownFileType = text.plist.xml; path = Info.plist; sourceTree = "<group>"; };
		D0B2A73D202C9C490022BBA1 /* SecondTestViewController.swift */ = {isa = PBXFileReference; lastKnownFileType = sourcecode.swift; path = SecondTestViewController.swift; sourceTree = "<group>"; };
		D0B2A743202CA3F50022BBA1 /* ThirdTestViewController.swift */ = {isa = PBXFileReference; lastKnownFileType = sourcecode.swift; path = ThirdTestViewController.swift; sourceTree = "<group>"; };
		D0B2A745202CAEF70022BBA1 /* FourthTestViewController.swift */ = {isa = PBXFileReference; lastKnownFileType = sourcecode.swift; path = FourthTestViewController.swift; sourceTree = "<group>"; };
		D0B2A747202CC1FD0022BBA1 /* DiscoverViewController.swift */ = {isa = PBXFileReference; lastKnownFileType = sourcecode.swift; path = DiscoverViewController.swift; sourceTree = "<group>"; };
		D0B2A74B202CC47A0022BBA1 /* DiscoverTableViewCell.swift */ = {isa = PBXFileReference; lastKnownFileType = sourcecode.swift; path = DiscoverTableViewCell.swift; sourceTree = "<group>"; };
		D0B2A74D202CC5B10022BBA1 /* City.swift */ = {isa = PBXFileReference; lastKnownFileType = sourcecode.swift; path = City.swift; sourceTree = "<group>"; };
		D0B2A74F202CCEB50022BBA1 /* MenuViewController.swift */ = {isa = PBXFileReference; lastKnownFileType = sourcecode.swift; path = MenuViewController.swift; sourceTree = "<group>"; };
		D0B2A752202CD5580022BBA1 /* DealsViewController.swift */ = {isa = PBXFileReference; lastKnownFileType = sourcecode.swift; path = DealsViewController.swift; sourceTree = "<group>"; };
		D0B2A754202CDC9C0022BBA1 /* DealsTableViewCell.swift */ = {isa = PBXFileReference; lastKnownFileType = sourcecode.swift; path = DealsTableViewCell.swift; sourceTree = "<group>"; };
/* End PBXFileReference section */

/* Begin PBXFrameworksBuildPhase section */
		D0B2A725202C8DF90022BBA1 /* Frameworks */ = {
			isa = PBXFrameworksBuildPhase;
			buildActionMask = 2147483647;
			files = (
			);
			runOnlyForDeploymentPostprocessing = 0;
		};
/* End PBXFrameworksBuildPhase section */

/* Begin PBXGroup section */
		D0281D9D202D75A8002A7993 /* MessageCell */ = {
			isa = PBXGroup;
			children = (
				D0281D9E202D75ED002A7993 /* MessageCell.swift */,
				D0281D9F202D75ED002A7993 /* MessageCell.xib */,
			);
			path = MessageCell;
			sourceTree = "<group>";
		};
		D0337EB5202CF40800516E05 /* Search */ = {
			isa = PBXGroup;
			children = (
				D0337EB6202CF42200516E05 /* SearchViewController.swift */,
			);
			path = Search;
			sourceTree = "<group>";
		};
		D0337EBA202D061700516E05 /* Messenger */ = {
			isa = PBXGroup;
			children = (
				D0337EBB202D065E00516E05 /* ChatViewController.swift */,
				D0337EBD202D067100516E05 /* MeetViewController.swift */,
			);
			path = Messenger;
			sourceTree = "<group>";
		};
		D0B2A71F202C8DF80022BBA1 = {
			isa = PBXGroup;
			children = (
				D0B2A72A202C8DF90022BBA1 /* Selectour */,
				D0B2A729202C8DF90022BBA1 /* Products */,
			);
			sourceTree = "<group>";
		};
		D0B2A729202C8DF90022BBA1 /* Products */ = {
			isa = PBXGroup;
			children = (
				D0B2A728202C8DF90022BBA1 /* Selectour.app */,
			);
			name = Products;
			sourceTree = "<group>";
		};
		D0B2A72A202C8DF90022BBA1 /* Selectour */ = {
			isa = PBXGroup;
			children = (
				D0B2A741202C9C630022BBA1 /* Controller */,
				D0B2A73F202C9C560022BBA1 /* Model */,
				D0B2A740202C9C5E0022BBA1 /* View */,
				D0B2A742202C9C750022BBA1 /* Supporting Files */,
				D0B2A737202C8DFA0022BBA1 /* Info.plist */,
			);
			path = Selectour;
			sourceTree = "<group>";
		};
		D0B2A73F202C9C560022BBA1 /* Model */ = {
			isa = PBXGroup;
			children = (
				D0B2A74D202CC5B10022BBA1 /* City.swift */,
				D05231A7202CDDD300C786DB /* Activity.swift */,
				D0281DA4202D7924002A7993 /* Message.swift */,
			);
			path = Model;
			sourceTree = "<group>";
		};
		D0B2A740202C9C5E0022BBA1 /* View */ = {
			isa = PBXGroup;
			children = (
				D0281D9D202D75A8002A7993 /* MessageCell */,
				D0B2A72F202C8DFA0022BBA1 /* Main.storyboard */,
				D0B2A734202C8DFA0022BBA1 /* LaunchScreen.storyboard */,
			);
			path = View;
			sourceTree = "<group>";
		};
		D0B2A741202C9C630022BBA1 /* Controller */ = {
			isa = PBXGroup;
			children = (
				D0B2A74F202CCEB50022BBA1 /* MenuViewController.swift */,
				D0B2A74A202CC42E0022BBA1 /* Discover */,
				D0B2A751202CD5470022BBA1 /* Deals */,
				D0337EB5202CF40800516E05 /* Search */,
				D0337EBA202D061700516E05 /* Messenger */,
				D0B2A749202CC2050022BBA1 /* Test Voyage */,
			);
			path = Controller;
			sourceTree = "<group>";
		};
		D0B2A742202C9C750022BBA1 /* Supporting Files */ = {
			isa = PBXGroup;
			children = (
				D0B2A72B202C8DFA0022BBA1 /* AppDelegate.swift */,
				D0B2A732202C8DFA0022BBA1 /* Assets.xcassets */,
			);
			path = "Supporting Files";
			sourceTree = "<group>";
		};
		D0B2A749202CC2050022BBA1 /* Test Voyage */ = {
			isa = PBXGroup;
			children = (
				D0B2A72D202C8DFA0022BBA1 /* FirstTestViewController.swift */,
				D0B2A73D202C9C490022BBA1 /* SecondTestViewController.swift */,
				D0B2A743202CA3F50022BBA1 /* ThirdTestViewController.swift */,
				D0B2A745202CAEF70022BBA1 /* FourthTestViewController.swift */,
				D0337EB8202CFFFA00516E05 /* FifthTestViewController.swift */,
			);
			path = "Test Voyage";
			sourceTree = "<group>";
		};
		D0B2A74A202CC42E0022BBA1 /* Discover */ = {
			isa = PBXGroup;
			children = (
				D0B2A747202CC1FD0022BBA1 /* DiscoverViewController.swift */,
				D0B2A74B202CC47A0022BBA1 /* DiscoverTableViewCell.swift */,
			);
			path = Discover;
			sourceTree = "<group>";
		};
		D0B2A751202CD5470022BBA1 /* Deals */ = {
			isa = PBXGroup;
			children = (
				D0B2A752202CD5580022BBA1 /* DealsViewController.swift */,
				D0B2A754202CDC9C0022BBA1 /* DealsTableViewCell.swift */,
			);
			path = Deals;
			sourceTree = "<group>";
		};
/* End PBXGroup section */

/* Begin PBXNativeTarget section */
		D0B2A727202C8DF90022BBA1 /* Selectour */ = {
			isa = PBXNativeTarget;
			buildConfigurationList = D0B2A73A202C8DFA0022BBA1 /* Build configuration list for PBXNativeTarget "Selectour" */;
			buildPhases = (
				D0B2A724202C8DF90022BBA1 /* Sources */,
				D0B2A725202C8DF90022BBA1 /* Frameworks */,
				D0B2A726202C8DF90022BBA1 /* Resources */,
			);
			buildRules = (
			);
			dependencies = (
			);
			name = Selectour;
			productName = Selectour;
			productReference = D0B2A728202C8DF90022BBA1 /* Selectour.app */;
			productType = "com.apple.product-type.application";
		};
/* End PBXNativeTarget section */

/* Begin PBXProject section */
		D0B2A720202C8DF80022BBA1 /* Project object */ = {
			isa = PBXProject;
			attributes = {
				LastSwiftUpdateCheck = 0920;
				LastUpgradeCheck = 0920;
				ORGANIZATIONNAME = "Sébastien Gaya";
				TargetAttributes = {
					D0B2A727202C8DF90022BBA1 = {
						CreatedOnToolsVersion = 9.2;
						ProvisioningStyle = Automatic;
					};
				};
			};
			buildConfigurationList = D0B2A723202C8DF80022BBA1 /* Build configuration list for PBXProject "Selectour" */;
			compatibilityVersion = "Xcode 8.0";
			developmentRegion = en;
			hasScannedForEncodings = 0;
			knownRegions = (
				en,
				Base,
			);
			mainGroup = D0B2A71F202C8DF80022BBA1;
			productRefGroup = D0B2A729202C8DF90022BBA1 /* Products */;
			projectDirPath = "";
			projectRoot = "";
			targets = (
				D0B2A727202C8DF90022BBA1 /* Selectour */,
			);
		};
/* End PBXProject section */

/* Begin PBXResourcesBuildPhase section */
		D0B2A726202C8DF90022BBA1 /* Resources */ = {
			isa = PBXResourcesBuildPhase;
			buildActionMask = 2147483647;
			files = (
				D0B2A736202C8DFA0022BBA1 /* LaunchScreen.storyboard in Resources */,
				D0281DA1202D75ED002A7993 /* MessageCell.xib in Resources */,
				D0B2A733202C8DFA0022BBA1 /* Assets.xcassets in Resources */,
				D0B2A731202C8DFA0022BBA1 /* Main.storyboard in Resources */,
			);
			runOnlyForDeploymentPostprocessing = 0;
		};
/* End PBXResourcesBuildPhase section */

/* Begin PBXSourcesBuildPhase section */
		D0B2A724202C8DF90022BBA1 /* Sources */ = {
			isa = PBXSourcesBuildPhase;
			buildActionMask = 2147483647;
			files = (
				D0B2A73E202C9C490022BBA1 /* SecondTestViewController.swift in Sources */,
				D0B2A72E202C8DFA0022BBA1 /* FirstTestViewController.swift in Sources */,
				D0B2A753202CD5580022BBA1 /* DealsViewController.swift in Sources */,
				D0281DA5202D7924002A7993 /* Message.swift in Sources */,
				D0B2A744202CA3F50022BBA1 /* ThirdTestViewController.swift in Sources */,
				D0B2A748202CC1FD0022BBA1 /* DiscoverViewController.swift in Sources */,
				D0B2A750202CCEB50022BBA1 /* MenuViewController.swift in Sources */,
				D0337EB9202CFFFA00516E05 /* FifthTestViewController.swift in Sources */,
				D05231A8202CDDD300C786DB /* Activity.swift in Sources */,
				D0B2A72C202C8DFA0022BBA1 /* AppDelegate.swift in Sources */,
				D0337EB7202CF42200516E05 /* SearchViewController.swift in Sources */,
				D0B2A74C202CC47A0022BBA1 /* DiscoverTableViewCell.swift in Sources */,
				D0B2A74E202CC5B10022BBA1 /* City.swift in Sources */,
				D0B2A746202CAEF70022BBA1 /* FourthTestViewController.swift in Sources */,
				D0281DA0202D75ED002A7993 /* MessageCell.swift in Sources */,
				D0337EBE202D067100516E05 /* MeetViewController.swift in Sources */,
				D0337EBC202D065E00516E05 /* ChatViewController.swift in Sources */,
				D0B2A755202CDC9C0022BBA1 /* DealsTableViewCell.swift in Sources */,
			);
			runOnlyForDeploymentPostprocessing = 0;
		};
/* End PBXSourcesBuildPhase section */

/* Begin PBXVariantGroup section */
		D0B2A72F202C8DFA0022BBA1 /* Main.storyboard */ = {
			isa = PBXVariantGroup;
			children = (
				D0B2A730202C8DFA0022BBA1 /* Base */,
			);
			name = Main.storyboard;
			sourceTree = "<group>";
		};
		D0B2A734202C8DFA0022BBA1 /* LaunchScreen.storyboard */ = {
			isa = PBXVariantGroup;
			children = (
				D0B2A735202C8DFA0022BBA1 /* Base */,
			);
			name = LaunchScreen.storyboard;
			sourceTree = "<group>";
		};
/* End PBXVariantGroup section */

/* Begin XCBuildConfiguration section */
		D0B2A738202C8DFA0022BBA1 /* Debug */ = {
			isa = XCBuildConfiguration;
			buildSettings = {
				ALWAYS_SEARCH_USER_PATHS = NO;
				CLANG_ANALYZER_NONNULL = YES;
				CLANG_ANALYZER_NUMBER_OBJECT_CONVERSION = YES_AGGRESSIVE;
				CLANG_CXX_LANGUAGE_STANDARD = "gnu++14";
				CLANG_CXX_LIBRARY = "libc++";
				CLANG_ENABLE_MODULES = YES;
				CLANG_ENABLE_OBJC_ARC = YES;
				CLANG_WARN_BLOCK_CAPTURE_AUTORELEASING = YES;
				CLANG_WARN_BOOL_CONVERSION = YES;
				CLANG_WARN_COMMA = YES;
				CLANG_WARN_CONSTANT_CONVERSION = YES;
				CLANG_WARN_DIRECT_OBJC_ISA_USAGE = YES_ERROR;
				CLANG_WARN_DOCUMENTATION_COMMENTS = YES;
				CLANG_WARN_EMPTY_BODY = YES;
				CLANG_WARN_ENUM_CONVERSION = YES;
				CLANG_WARN_INFINITE_RECURSION = YES;
				CLANG_WARN_INT_CONVERSION = YES;
				CLANG_WARN_NON_LITERAL_NULL_CONVERSION = YES;
				CLANG_WARN_OBJC_LITERAL_CONVERSION = YES;
				CLANG_WARN_OBJC_ROOT_CLASS = YES_ERROR;
				CLANG_WARN_RANGE_LOOP_ANALYSIS = YES;
				CLANG_WARN_STRICT_PROTOTYPES = YES;
				CLANG_WARN_SUSPICIOUS_MOVE = YES;
				CLANG_WARN_UNGUARDED_AVAILABILITY = YES_AGGRESSIVE;
				CLANG_WARN_UNREACHABLE_CODE = YES;
				CLANG_WARN__DUPLICATE_METHOD_MATCH = YES;
				CODE_SIGN_IDENTITY = "iPhone Developer";
				COPY_PHASE_STRIP = NO;
				DEBUG_INFORMATION_FORMAT = dwarf;
				ENABLE_STRICT_OBJC_MSGSEND = YES;
				ENABLE_TESTABILITY = YES;
				GCC_C_LANGUAGE_STANDARD = gnu11;
				GCC_DYNAMIC_NO_PIC = NO;
				GCC_NO_COMMON_BLOCKS = YES;
				GCC_OPTIMIZATION_LEVEL = 0;
				GCC_PREPROCESSOR_DEFINITIONS = (
					"DEBUG=1",
					"$(inherited)",
				);
				GCC_WARN_64_TO_32_BIT_CONVERSION = YES;
				GCC_WARN_ABOUT_RETURN_TYPE = YES_ERROR;
				GCC_WARN_UNDECLARED_SELECTOR = YES;
				GCC_WARN_UNINITIALIZED_AUTOS = YES_AGGRESSIVE;
				GCC_WARN_UNUSED_FUNCTION = YES;
				GCC_WARN_UNUSED_VARIABLE = YES;
				IPHONEOS_DEPLOYMENT_TARGET = 11.2;
				MTL_ENABLE_DEBUG_INFO = YES;
				ONLY_ACTIVE_ARCH = YES;
				SDKROOT = iphoneos;
				SWIFT_ACTIVE_COMPILATION_CONDITIONS = DEBUG;
				SWIFT_OPTIMIZATION_LEVEL = "-Onone";
			};
			name = Debug;
		};
		D0B2A739202C8DFA0022BBA1 /* Release */ = {
			isa = XCBuildConfiguration;
			buildSettings = {
				ALWAYS_SEARCH_USER_PATHS = NO;
				CLANG_ANALYZER_NONNULL = YES;
				CLANG_ANALYZER_NUMBER_OBJECT_CONVERSION = YES_AGGRESSIVE;
				CLANG_CXX_LANGUAGE_STANDARD = "gnu++14";
				CLANG_CXX_LIBRARY = "libc++";
				CLANG_ENABLE_MODULES = YES;
				CLANG_ENABLE_OBJC_ARC = YES;
				CLANG_WARN_BLOCK_CAPTURE_AUTORELEASING = YES;
				CLANG_WARN_BOOL_CONVERSION = YES;
				CLANG_WARN_COMMA = YES;
				CLANG_WARN_CONSTANT_CONVERSION = YES;
				CLANG_WARN_DIRECT_OBJC_ISA_USAGE = YES_ERROR;
				CLANG_WARN_DOCUMENTATION_COMMENTS = YES;
				CLANG_WARN_EMPTY_BODY = YES;
				CLANG_WARN_ENUM_CONVERSION = YES;
				CLANG_WARN_INFINITE_RECURSION = YES;
				CLANG_WARN_INT_CONVERSION = YES;
				CLANG_WARN_NON_LITERAL_NULL_CONVERSION = YES;
				CLANG_WARN_OBJC_LITERAL_CONVERSION = YES;
				CLANG_WARN_OBJC_ROOT_CLASS = YES_ERROR;
				CLANG_WARN_RANGE_LOOP_ANALYSIS = YES;
				CLANG_WARN_STRICT_PROTOTYPES = YES;
				CLANG_WARN_SUSPICIOUS_MOVE = YES;
				CLANG_WARN_UNGUARDED_AVAILABILITY = YES_AGGRESSIVE;
				CLANG_WARN_UNREACHABLE_CODE = YES;
				CLANG_WARN__DUPLICATE_METHOD_MATCH = YES;
				CODE_SIGN_IDENTITY = "iPhone Developer";
				COPY_PHASE_STRIP = NO;
				DEBUG_INFORMATION_FORMAT = "dwarf-with-dsym";
				ENABLE_NS_ASSERTIONS = NO;
				ENABLE_STRICT_OBJC_MSGSEND = YES;
				GCC_C_LANGUAGE_STANDARD = gnu11;
				GCC_NO_COMMON_BLOCKS = YES;
				GCC_WARN_64_TO_32_BIT_CONVERSION = YES;
				GCC_WARN_ABOUT_RETURN_TYPE = YES_ERROR;
				GCC_WARN_UNDECLARED_SELECTOR = YES;
				GCC_WARN_UNINITIALIZED_AUTOS = YES_AGGRESSIVE;
				GCC_WARN_UNUSED_FUNCTION = YES;
				GCC_WARN_UNUSED_VARIABLE = YES;
				IPHONEOS_DEPLOYMENT_TARGET = 11.2;
				MTL_ENABLE_DEBUG_INFO = NO;
				SDKROOT = iphoneos;
				SWIFT_OPTIMIZATION_LEVEL = "-Owholemodule";
				VALIDATE_PRODUCT = YES;
			};
			name = Release;
		};
		D0B2A73B202C8DFA0022BBA1 /* Debug */ = {
			isa = XCBuildConfiguration;
			buildSettings = {
				ASSETCATALOG_COMPILER_APPICON_NAME = AppIcon;
				CODE_SIGN_STYLE = Automatic;
				DEVELOPMENT_TEAM = 85CYHJQ6V6;
				INFOPLIST_FILE = Selectour/Info.plist;
				LD_RUNPATH_SEARCH_PATHS = "$(inherited) @executable_path/Frameworks";
				PRODUCT_BUNDLE_IDENTIFIER = com.sebastiengaya.Selectour;
				PRODUCT_NAME = "$(TARGET_NAME)";
				SWIFT_VERSION = 4.0;
				TARGETED_DEVICE_FAMILY = "1,2";
			};
			name = Debug;
		};
		D0B2A73C202C8DFA0022BBA1 /* Release */ = {
			isa = XCBuildConfiguration;
			buildSettings = {
				ASSETCATALOG_COMPILER_APPICON_NAME = AppIcon;
				CODE_SIGN_STYLE = Automatic;
				DEVELOPMENT_TEAM = 85CYHJQ6V6;
				INFOPLIST_FILE = Selectour/Info.plist;
				LD_RUNPATH_SEARCH_PATHS = "$(inherited) @executable_path/Frameworks";
				PRODUCT_BUNDLE_IDENTIFIER = com.sebastiengaya.Selectour;
				PRODUCT_NAME = "$(TARGET_NAME)";
				SWIFT_VERSION = 4.0;
				TARGETED_DEVICE_FAMILY = "1,2";
			};
			name = Release;
		};
/* End XCBuildConfiguration section */

/* Begin XCConfigurationList section */
		D0B2A723202C8DF80022BBA1 /* Build configuration list for PBXProject "Selectour" */ = {
			isa = XCConfigurationList;
			buildConfigurations = (
				D0B2A738202C8DFA0022BBA1 /* Debug */,
				D0B2A739202C8DFA0022BBA1 /* Release */,
			);
			defaultConfigurationIsVisible = 0;
			defaultConfigurationName = Release;
		};
		D0B2A73A202C8DFA0022BBA1 /* Build configuration list for PBXNativeTarget "Selectour" */ = {
			isa = XCConfigurationList;
			buildConfigurations = (
				D0B2A73B202C8DFA0022BBA1 /* Debug */,
				D0B2A73C202C8DFA0022BBA1 /* Release */,
			);
			defaultConfigurationIsVisible = 0;
			defaultConfigurationName = Release;
		};
/* End XCConfigurationList section */
	};
	rootObject = D0B2A720202C8DF80022BBA1 /* Project object */;
}
